Microsoft Visual Studio Solution File, Format Version 12.00
# Visual Studio Version 17
VisualStudioVersion = 17.5.2.0
MinimumVisualStudioVersion = 10.0.40219.1
Project("{FAE04EC0-301F-11D3-BF4B-00C04F79EFBC}") = "SKProject", "SKProject.csproj", "{C86B0546-39C6-FDB2-FF8D-586D356F6582}"
EndProject
Global
	GlobalSection(SolutionConfigurationPlatforms) = preSolution
		Debug|Any CPU = Debug|Any CPU
		Release|Any CPU = Release|Any CPU
	EndGlobalSection
	GlobalSection(ProjectConfigurationPlatforms) = postSolution
		{C86B0546-39C6-FDB2-FF8D-586D356F6582}.Debug|Any CPU.ActiveCfg = Debug|Any CPU
		{C86B0546-39C6-FDB2-FF8D-586D356F6582}.Debug|Any CPU.Build.0 = Debug|Any CPU
		{C86B0546-39C6-FDB2-FF8D-586D356F6582}.Release|Any CPU.ActiveCfg = Release|Any CPU
		{C86B0546-39C6-FDB2-FF8D-586D356F6582}.Release|Any CPU.Build.0 = Release|Any CPU
	EndGlobalSection
	GlobalSection(SolutionProperties) = preSolution
		HideSolutionNode = FALSE
	EndGlobalSection
	GlobalSection(ExtensibilityGlobals) = postSolution
		SolutionGuid = {1F386F04-DCB3-4B39-9269-5EF3797ED021}
	EndGlobalSection
EndGlobal
